PODS:
  - CocoaMQTT (2.1.6):
    - CocoaMQTT/Core (= 2.1.6)
  - CocoaMQTT/Core (2.1.6):
    - MqttCocoaAsyncSocket (~> 1.0.8)
  - IQKeyboardManagerSwift (6.5.16)
  - MqttCocoaAsyncSocket (1.0.8)

DEPENDENCIES:
  - CocoaMQTT (= 2.1.6)
  - IQKeyboardManagerSwift

SPEC REPOS:
  trunk:
    - CocoaMQTT
    - IQKeyboardManagerSwift
    - MqttCocoaAsyncSocket

SPEC CHECKSUMS:
  CocoaMQTT: 1f206228b29318eabdacad0c2e4e88575922c27a
  IQKeyboardManagerSwift: 12d89768845bb77b55cc092ecc2b1f9370f06b76
  MqttCocoaAsyncSocket: 77d3b74f76228dd5a05d1f9526eab101d415b30c

PODFILE CHECKSUM: 1a2eafed0f0348fd90a7ee7621dea111489cb8d1

COCOAPODS: 1.13.0
