// !$*UTF8*$!
{
	archiveVersion = 1;
	classes = {
	};
	objectVersion = 54;
	objects = {

/* Begin PBXBuildFile section */
		17CD4DB597368394993A8859 /* Pods_IoTConnectDemo_AWS.framework in Frameworks */ = {isa = PBXBuildFile; fileRef = 2A5189AF82DD2AF36EBD44DF /* Pods_IoTConnectDemo_AWS.framework */; };
		37E87BC63FAD80D9BFC0BC53 /* Pods_IoTConnectDemo.framework in Frameworks */ = {isa = PBXBuildFile; fileRef = 356E01D1B1EFB30532B29B27 /* Pods_IoTConnectDemo.framework */; };
		8F0D2E8633F9962DC49E3D2F /* Pods_IoTConnectDemo.framework in Frameworks */ = {isa = PBXBuildFile; fileRef = 356E01D1B1EFB30532B29B27 /* Pods_IoTConnectDemo.framework */; };
		9285F66E26D62EEF00BC30DC /* TableHeaderView.xib in Resources */ = {isa = PBXBuildFile; fileRef = 9285F66C26D62EEF00BC30DC /* TableHeaderView.xib */; };
		9285F66F26D62EEF00BC30DC /* TableHeaderView.swift in Sources */ = {isa = PBXBuildFile; fileRef = 9285F66D26D62EEF00BC30DC /* TableHeaderView.swift */; };
		9285F67126D62F5000BC30DC /* PropertyCell.swift in Sources */ = {isa = PBXBuildFile; fileRef = 9285F67026D62F5000BC30DC /* PropertyCell.swift */; };
		C0C04CCA26D015D900182C45 /* AppDelegate.swift in Sources */ = {isa = PBXBuildFile; fileRef = C0C04CC926D015D900182C45 /* AppDelegate.swift */; };
		C0C04CCC26D015D900182C45 /* SceneDelegate.swift in Sources */ = {isa = PBXBuildFile; fileRef = C0C04CCB26D015D900182C45 /* SceneDelegate.swift */; };
		C0C04CCE26D015D900182C45 /* ViewController.swift in Sources */ = {isa = PBXBuildFile; fileRef = C0C04CCD26D015D900182C45 /* ViewController.swift */; };
		C0C04CD126D015D900182C45 /* Main.storyboard in Resources */ = {isa = PBXBuildFile; fileRef = C0C04CCF26D015D900182C45 /* Main.storyboard */; };
		C0C04CD326D015DA00182C45 /* Assets.xcassets in Resources */ = {isa = PBXBuildFile; fileRef = C0C04CD226D015DA00182C45 /* Assets.xcassets */; };
		C0C04CD626D015DA00182C45 /* LaunchScreen.storyboard in Resources */ = {isa = PBXBuildFile; fileRef = C0C04CD426D015DA00182C45 /* LaunchScreen.storyboard */; };
		DD0AFF802B318B2D007A1EB2 /* mytest.p12 in Resources */ = {isa = PBXBuildFile; fileRef = DD0AFF7F2B318B2D007A1EB2 /* mytest.p12 */; };
		DD36C4412A304EF9008BA007 /* IoTConnect_2_0.framework in Frameworks */ = {isa = PBXBuildFile; fileRef = DD36C4402A304EF9008BA007 /* IoTConnect_2_0.framework */; };
		DD37E4302B4EB8E500BCF08B /* cert_Jethanand01.p12 in Resources */ = {isa = PBXBuildFile; fileRef = DD37E42F2B4EB8E500BCF08B /* cert_Jethanand01.p12 */; };
		DD37E4312B4EB8E500BCF08B /* cert_Jethanand01.p12 in Resources */ = {isa = PBXBuildFile; fileRef = DD37E42F2B4EB8E500BCF08B /* cert_Jethanand01.p12 */; };
		DD37E4332B4EBF2600BCF08B /* JDN.p12 in Resources */ = {isa = PBXBuildFile; fileRef = DD37E4322B4EBF2600BCF08B /* JDN.p12 */; };
		DD37E4342B4EBF2600BCF08B /* JDN.p12 in Resources */ = {isa = PBXBuildFile; fileRef = DD37E4322B4EBF2600BCF08B /* JDN.p12 */; };
		DD37E4392B4EC3DB00BCF08B /* JethaAWS.p12 in Resources */ = {isa = PBXBuildFile; fileRef = DD37E4382B4EC3DB00BCF08B /* JethaAWS.p12 */; };
		DD37E43A2B4EC3DB00BCF08B /* JethaAWS.p12 in Resources */ = {isa = PBXBuildFile; fileRef = DD37E4382B4EC3DB00BCF08B /* JethaAWS.p12 */; };
		DD3B09752B29A28A003C14B2 /* PropertyCell.swift in Sources */ = {isa = PBXBuildFile; fileRef = 9285F67026D62F5000BC30DC /* PropertyCell.swift */; };
		DD3B09762B29A28A003C14B2 /* Identity.swift in Sources */ = {isa = PBXBuildFile; fileRef = DDD1BEF62A52F50800B00F52 /* Identity.swift */; };
		DD3B09772B29A28A003C14B2 /* iOSDropDown.swift in Sources */ = {isa = PBXBuildFile; fileRef = DD5B602C2A936EB80018BB1C /* iOSDropDown.swift */; };
		DD3B09782B29A28A003C14B2 /* TableHeaderView.swift in Sources */ = {isa = PBXBuildFile; fileRef = 9285F66D26D62EEF00BC30DC /* TableHeaderView.swift */; };
		DD3B09792B29A28A003C14B2 /* Attributes.swift in Sources */ = {isa = PBXBuildFile; fileRef = DDA1BAEF2A41810F00DBA886 /* Attributes.swift */; };
		DD3B097A2B29A28A003C14B2 /* ViewController.swift in Sources */ = {isa = PBXBuildFile; fileRef = C0C04CCD26D015D900182C45 /* ViewController.swift */; };
		DD3B097B2B29A28A003C14B2 /* AppDelegate.swift in Sources */ = {isa = PBXBuildFile; fileRef = C0C04CC926D015D900182C45 /* AppDelegate.swift */; };
		DD3B097C2B29A28A003C14B2 /* Enums.swift in Sources */ = {isa = PBXBuildFile; fileRef = DDFA34632A3C297400232B5C /* Enums.swift */; };
		DD3B097D2B29A28A003C14B2 /* SceneDelegate.swift in Sources */ = {isa = PBXBuildFile; fileRef = C0C04CCB26D015D900182C45 /* SceneDelegate.swift */; };
		DD3B097E2B29A28A003C14B2 /* RadioButtonController.swift in Sources */ = {isa = PBXBuildFile; fileRef = DDC0C2962A38958A001793C5 /* RadioButtonController.swift */; };
		DD3B097F2B29A28A003C14B2 /* ChildOperationVC.swift in Sources */ = {isa = PBXBuildFile; fileRef = DD7E84A02A9340180031A231 /* ChildOperationVC.swift */; };
		DD3B09842B29A28A003C14B2 /* client.p12 in Resources */ = {isa = PBXBuildFile; fileRef = DD989A1B2AB193CF00FD70DD /* client.p12 */; };
		DD3B09852B29A28A003C14B2 /* LaunchScreen.storyboard in Resources */ = {isa = PBXBuildFile; fileRef = C0C04CD426D015DA00182C45 /* LaunchScreen.storyboard */; };
		DD3B09862B29A28A003C14B2 /* Assets.xcassets in Resources */ = {isa = PBXBuildFile; fileRef = C0C04CD226D015DA00182C45 /* Assets.xcassets */; };
		DD3B09872B29A28A003C14B2 /* TableHeaderView.xib in Resources */ = {isa = PBXBuildFile; fileRef = 9285F66C26D62EEF00BC30DC /* TableHeaderView.xib */; };
		DD3B09882B29A28A003C14B2 /* Main.storyboard in Resources */ = {isa = PBXBuildFile; fileRef = C0C04CCF26D015D900182C45 /* Main.storyboard */; };
		DD3B098B2B29A28A003C14B2 /* DeviceCertificate.pfx in Resources */ = {isa = PBXBuildFile; fileRef = DD989A192AB18FFF00FD70DD /* DeviceCertificate.pfx */; };
		DD3FA9602B3C182400FE3642 /* clientAWS.p12 in Resources */ = {isa = PBXBuildFile; fileRef = DD3FA95F2B3C182400FE3642 /* clientAWS.p12 */; };
		DD49F5152B5507A900010F0D /* cert_05012026.p12 in Resources */ = {isa = PBXBuildFile; fileRef = DD49F5142B5507A900010F0D /* cert_05012026.p12 */; };
		DD5B602D2A936EB80018BB1C /* iOSDropDown.swift in Sources */ = {isa = PBXBuildFile; fileRef = DD5B602C2A936EB80018BB1C /* iOSDropDown.swift */; };
		DD7719D92B4D6F0B00764E39 /* cert_ANov1001.p12 in Resources */ = {isa = PBXBuildFile; fileRef = DD7719D82B4D6F0B00764E39 /* cert_ANov1001.p12 */; };
		DD7719DA2B4D6F0B00764E39 /* cert_ANov1001.p12 in Resources */ = {isa = PBXBuildFile; fileRef = DD7719D82B4D6F0B00764E39 /* cert_ANov1001.p12 */; };
		DD7719DC2B4D6F9400764E39 /* cert_AKSS182305.p12 in Resources */ = {isa = PBXBuildFile; fileRef = DD7719DB2B4D6F9400764E39 /* cert_AKSS182305.p12 */; };
		DD7719DD2B4D6F9400764E39 /* cert_AKSS182305.p12 in Resources */ = {isa = PBXBuildFile; fileRef = DD7719DB2B4D6F9400764E39 /* cert_AKSS182305.p12 */; };
		DD7E84A12A9340180031A231 /* ChildOperationVC.swift in Sources */ = {isa = PBXBuildFile; fileRef = DD7E84A02A9340180031A231 /* ChildOperationVC.swift */; };
		DD989A1A2AB18FFF00FD70DD /* DeviceCertificate.pfx in Resources */ = {isa = PBXBuildFile; fileRef = DD989A192AB18FFF00FD70DD /* DeviceCertificate.pfx */; };
		DD989A1C2AB193CF00FD70DD /* client.p12 in Resources */ = {isa = PBXBuildFile; fileRef = DD989A1B2AB193CF00FD70DD /* client.p12 */; };
		DDA1BAF02A41810F00DBA886 /* Attributes.swift in Sources */ = {isa = PBXBuildFile; fileRef = DDA1BAEF2A41810F00DBA886 /* Attributes.swift */; };
		DDA60A602A2F176300F686BF /* IoTConnect_2_0.framework in Embed Frameworks */ = {isa = PBXBuildFile; fileRef = DDA60A5E2A2F176300F686BF /* IoTConnect_2_0.framework */; settings = {ATTRIBUTES = (CodeSignOnCopy, RemoveHeadersOnCopy, ); }; };
		DDC0C2972A38958A001793C5 /* RadioButtonController.swift in Sources */ = {isa = PBXBuildFile; fileRef = DDC0C2962A38958A001793C5 /* RadioButtonController.swift */; };
		DDD1BEF72A52F50800B00F52 /* Identity.swift in Sources */ = {isa = PBXBuildFile; fileRef = DDD1BEF62A52F50800B00F52 /* Identity.swift */; };
		DDF8F4C62B30532700B5BA30 /* IoTConnect_2_aws.framework in Frameworks */ = {isa = PBXBuildFile; fileRef = DDF8F4C52B30532700B5BA30 /* IoTConnect_2_aws.framework */; };
		DDF8F4C72B30532700B5BA30 /* IoTConnect_2_aws.framework in Embed Frameworks */ = {isa = PBXBuildFile; fileRef = DDF8F4C52B30532700B5BA30 /* IoTConnect_2_aws.framework */; settings = {ATTRIBUTES = (CodeSignOnCopy, RemoveHeadersOnCopy, ); }; };
		DDFA34642A3C297400232B5C /* Enums.swift in Sources */ = {isa = PBXBuildFile; fileRef = DDFA34632A3C297400232B5C /* Enums.swift */; };
/* End PBXBuildFile section */

/* Begin PBXCopyFilesBuildPhase section */
		C0C04CE326D015FF00182C45 /* Embed Frameworks */ = {
			isa = PBXCopyFilesBuildPhase;
			buildActionMask = 2147483647;
			dstPath = "";
			dstSubfolderSpec = 10;
			files = (
				DDA60A602A2F176300F686BF /* IoTConnect_2_0.framework in Embed Frameworks */,
			);
			name = "Embed Frameworks";
			runOnlyForDeploymentPostprocessing = 0;
		};
		DDF8F4C82B30532700B5BA30 /* Embed Frameworks */ = {
			isa = PBXCopyFilesBuildPhase;
			buildActionMask = 2147483647;
			dstPath = "";
			dstSubfolderSpec = 10;
			files = (
				DDF8F4C72B30532700B5BA30 /* IoTConnect_2_aws.framework in Embed Frameworks */,
			);
			name = "Embed Frameworks";
			runOnlyForDeploymentPostprocessing = 0;
		};
/* End PBXCopyFilesBuildPhase section */

/* Begin PBXFileReference section */
		2A5189AF82DD2AF36EBD44DF /* Pods_IoTConnectDemo_AWS.framework */ = {isa = PBXFileReference; explicitFileType = wrapper.framework; includeInIndex = 0; path = Pods_IoTConnectDemo_AWS.framework; sourceTree = BUILT_PRODUCTS_DIR; };
		356E01D1B1EFB30532B29B27 /* Pods_IoTConnectDemo.framework */ = {isa = PBXFileReference; explicitFileType = wrapper.framework; includeInIndex = 0; path = Pods_IoTConnectDemo.framework; sourceTree = BUILT_PRODUCTS_DIR; };
		5C64AC3ACA90DA213D95C55C /* Pods-IoTConnectDemo_AWS.release.xcconfig */ = {isa = PBXFileReference; includeInIndex = 1; lastKnownFileType = text.xcconfig; name = "Pods-IoTConnectDemo_AWS.release.xcconfig"; path = "Target Support Files/Pods-IoTConnectDemo_AWS/Pods-IoTConnectDemo_AWS.release.xcconfig"; sourceTree = "<group>"; };
		6ADA7BBAAAEF9C7FD2D6B0EA /* Pods-IoTConnectDemo.release.xcconfig */ = {isa = PBXFileReference; includeInIndex = 1; lastKnownFileType = text.xcconfig; name = "Pods-IoTConnectDemo.release.xcconfig"; path = "Target Support Files/Pods-IoTConnectDemo/Pods-IoTConnectDemo.release.xcconfig"; sourceTree = "<group>"; };
		9285F66C26D62EEF00BC30DC /* TableHeaderView.xib */ = {isa = PBXFileReference; fileEncoding = 4; lastKnownFileType = file.xib; path = TableHeaderView.xib; sourceTree = "<group>"; };
		9285F66D26D62EEF00BC30DC /* TableHeaderView.swift */ = {isa = PBXFileReference; fileEncoding = 4; lastKnownFileType = sourcecode.swift; path = TableHeaderView.swift; sourceTree = "<group>"; };
		9285F67026D62F5000BC30DC /* PropertyCell.swift */ = {isa = PBXFileReference; fileEncoding = 4; lastKnownFileType = sourcecode.swift; path = PropertyCell.swift; sourceTree = "<group>"; };
		ABA5E5E8262E859A054F73AC /* Pods-IoTConnectDemo.debug.xcconfig */ = {isa = PBXFileReference; includeInIndex = 1; lastKnownFileType = text.xcconfig; name = "Pods-IoTConnectDemo.debug.xcconfig"; path = "Target Support Files/Pods-IoTConnectDemo/Pods-IoTConnectDemo.debug.xcconfig"; sourceTree = "<group>"; };
		C0C04CC626D015D900182C45 /* IoTConnectDemo.app */ = {isa = PBXFileReference; explicitFileType = wrapper.application; includeInIndex = 0; path = IoTConnectDemo.app; sourceTree = BUILT_PRODUCTS_DIR; };
		C0C04CC926D015D900182C45 /* AppDelegate.swift */ = {isa = PBXFileReference; lastKnownFileType = sourcecode.swift; path = AppDelegate.swift; sourceTree = "<group>"; };
		C0C04CCB26D015D900182C45 /* SceneDelegate.swift */ = {isa = PBXFileReference; lastKnownFileType = sourcecode.swift; path = SceneDelegate.swift; sourceTree = "<group>"; };
		C0C04CCD26D015D900182C45 /* ViewController.swift */ = {isa = PBXFileReference; lastKnownFileType = sourcecode.swift; path = ViewController.swift; sourceTree = "<group>"; };
		C0C04CD026D015D900182C45 /* Base */ = {isa = PBXFileReference; lastKnownFileType = file.storyboard; name = Base; path = Base.lproj/Main.storyboard; sourceTree = "<group>"; };
		C0C04CD226D015DA00182C45 /* Assets.xcassets */ = {isa = PBXFileReference; lastKnownFileType = folder.assetcatalog; path = Assets.xcassets; sourceTree = "<group>"; };
		C0C04CD526D015DA00182C45 /* Base */ = {isa = PBXFileReference; lastKnownFileType = file.storyboard; name = Base; path = Base.lproj/LaunchScreen.storyboard; sourceTree = "<group>"; };
		C0C04CD726D015DA00182C45 /* Info.plist */ = {isa = PBXFileReference; lastKnownFileType = text.plist.xml; path = Info.plist; sourceTree = "<group>"; };
		D1B97395C985B880218674FA /* Pods-IoTConnectDemo_AWS.debug.xcconfig */ = {isa = PBXFileReference; includeInIndex = 1; lastKnownFileType = text.xcconfig; name = "Pods-IoTConnectDemo_AWS.debug.xcconfig"; path = "Target Support Files/Pods-IoTConnectDemo_AWS/Pods-IoTConnectDemo_AWS.debug.xcconfig"; sourceTree = "<group>"; };
		DD0AFF7F2B318B2D007A1EB2 /* mytest.p12 */ = {isa = PBXFileReference; lastKnownFileType = file; path = mytest.p12; sourceTree = "<group>"; };
		DD36C4402A304EF9008BA007 /* IoTConnect_2_0.framework */ = {isa = PBXFileReference; explicitFileType = wrapper.framework; path = IoTConnect_2_0.framework; sourceTree = BUILT_PRODUCTS_DIR; };
		DD37E42F2B4EB8E500BCF08B /* cert_Jethanand01.p12 */ = {isa = PBXFileReference; lastKnownFileType = file; path = cert_Jethanand01.p12; sourceTree = "<group>"; };
		DD37E4322B4EBF2600BCF08B /* JDN.p12 */ = {isa = PBXFileReference; lastKnownFileType = file; path = JDN.p12; sourceTree = "<group>"; };
		DD37E4382B4EC3DB00BCF08B /* JethaAWS.p12 */ = {isa = PBXFileReference; lastKnownFileType = file; path = JethaAWS.p12; sourceTree = "<group>"; };
		DD3B09922B29A28A003C14B2 /* IoTConnectDemo_AWS.app */ = {isa = PBXFileReference; explicitFileType = wrapper.application; includeInIndex = 0; path = IoTConnectDemo_AWS.app; sourceTree = BUILT_PRODUCTS_DIR; };
		DD3B09932B29A28B003C14B2 /* IoTConnectDemo_AWS.plist */ = {isa = PBXFileReference; lastKnownFileType = text.plist.xml; name = IoTConnectDemo_AWS.plist; path = "/Users/kirtan.vaghela/Documents/IotSDK_git/iotc-ios-swift-sdk/IoTConnectDemo/IoTConnectDemo_AWS.plist"; sourceTree = "<absolute>"; };
		DD3B09AC2B2AD094003C14B2 /* IoTConnect_2_aws.framework */ = {isa = PBXFileReference; explicitFileType = wrapper.framework; path = IoTConnect_2_aws.framework; sourceTree = BUILT_PRODUCTS_DIR; };
		DD3FA95F2B3C182400FE3642 /* clientAWS.p12 */ = {isa = PBXFileReference; lastKnownFileType = file; path = clientAWS.p12; sourceTree = "<group>"; };
		DD49F5142B5507A900010F0D /* cert_05012026.p12 */ = {isa = PBXFileReference; lastKnownFileType = file; path = cert_05012026.p12; sourceTree = "<group>"; };
		DD5B602C2A936EB80018BB1C /* iOSDropDown.swift */ = {isa = PBXFileReference; fileEncoding = 4; lastKnownFileType = sourcecode.swift; path = iOSDropDown.swift; sourceTree = "<group>"; };
		DD7719D82B4D6F0B00764E39 /* cert_ANov1001.p12 */ = {isa = PBXFileReference; lastKnownFileType = file; path = cert_ANov1001.p12; sourceTree = "<group>"; };
		DD7719DB2B4D6F9400764E39 /* cert_AKSS182305.p12 */ = {isa = PBXFileReference; lastKnownFileType = file; path = cert_AKSS182305.p12; sourceTree = "<group>"; };
		DD7E84A02A9340180031A231 /* ChildOperationVC.swift */ = {isa = PBXFileReference; lastKnownFileType = sourcecode.swift; path = ChildOperationVC.swift; sourceTree = "<group>"; };
		DD989A192AB18FFF00FD70DD /* DeviceCertificate.pfx */ = {isa = PBXFileReference; lastKnownFileType = file; path = DeviceCertificate.pfx; sourceTree = "<group>"; };
		DD989A1B2AB193CF00FD70DD /* client.p12 */ = {isa = PBXFileReference; lastKnownFileType = file; path = client.p12; sourceTree = "<group>"; };
		DDA1BAEF2A41810F00DBA886 /* Attributes.swift */ = {isa = PBXFileReference; lastKnownFileType = sourcecode.swift; path = Attributes.swift; sourceTree = "<group>"; };
		DDA60A5E2A2F176300F686BF /* IoTConnect_2_0.framework */ = {isa = PBXFileReference; explicitFileType = wrapper.framework; path = IoTConnect_2_0.framework; sourceTree = BUILT_PRODUCTS_DIR; };
		DDA843C62B298D6D005EFD1A /* IoTConnect_2.0_aws.framework */ = {isa = PBXFileReference; explicitFileType = wrapper.framework; path = IoTConnect_2.0_aws.framework; sourceTree = BUILT_PRODUCTS_DIR; };
		DDC0C2962A38958A001793C5 /* RadioButtonController.swift */ = {isa = PBXFileReference; lastKnownFileType = sourcecode.swift; path = RadioButtonController.swift; sourceTree = "<group>"; };
		DDD1BEF62A52F50800B00F52 /* Identity.swift */ = {isa = PBXFileReference; lastKnownFileType = sourcecode.swift; path = Identity.swift; sourceTree = "<group>"; };
		DDF8F4C52B30532700B5BA30 /* IoTConnect_2_aws.framework */ = {isa = PBXFileReference; explicitFileType = wrapper.framework; path = IoTConnect_2_aws.framework; sourceTree = BUILT_PRODUCTS_DIR; };
		DDFA34632A3C297400232B5C /* Enums.swift */ = {isa = PBXFileReference; lastKnownFileType = sourcecode.swift; path = Enums.swift; sourceTree = "<group>"; };
/* End PBXFileReference section */

/* Begin PBXFrameworksBuildPhase section */
		C0C04CC326D015D900182C45 /* Frameworks */ = {
			isa = PBXFrameworksBuildPhase;
			buildActionMask = 2147483647;
			files = (
				DD36C4412A304EF9008BA007 /* IoTConnect_2_0.framework in Frameworks */,
				37E87BC63FAD80D9BFC0BC53 /* Pods_IoTConnectDemo.framework in Frameworks */,
				8F0D2E8633F9962DC49E3D2F /* Pods_IoTConnectDemo.framework in Frameworks */,
			);
			runOnlyForDeploymentPostprocessing = 0;
		};
		DD3B09802B29A28A003C14B2 /* Frameworks */ = {
			isa = PBXFrameworksBuildPhase;
			buildActionMask = 2147483647;
			files = (
				17CD4DB597368394993A8859 /* Pods_IoTConnectDemo_AWS.framework in Frameworks */,
				DDF8F4C62B30532700B5BA30 /* IoTConnect_2_aws.framework in Frameworks */,
			);
			runOnlyForDeploymentPostprocessing = 0;
		};
/* End PBXFrameworksBuildPhase section */

/* Begin PBXGroup section */
		9285F66B26D62EEF00BC30DC /* TableHeaderView */ = {
			isa = PBXGroup;
			children = (
				9285F66C26D62EEF00BC30DC /* TableHeaderView.xib */,
				9285F66D26D62EEF00BC30DC /* TableHeaderView.swift */,
			);
			path = TableHeaderView;
			sourceTree = "<group>";
		};
		C0C04CBD26D015D900182C45 = {
			isa = PBXGroup;
			children = (
				C0C04CC826D015D900182C45 /* IoTConnectDemo */,
				C0C04CC726D015D900182C45 /* Products */,
				C0C04CDF26D015FF00182C45 /* Frameworks */,
				E64634C8FACC45E204B87E7C /* Pods */,
				DD3B09932B29A28B003C14B2 /* IoTConnectDemo_AWS.plist */,
			);
			sourceTree = "<group>";
		};
		C0C04CC726D015D900182C45 /* Products */ = {
			isa = PBXGroup;
			children = (
				C0C04CC626D015D900182C45 /* IoTConnectDemo.app */,
				DD3B09922B29A28A003C14B2 /* IoTConnectDemo_AWS.app */,
			);
			name = Products;
			sourceTree = "<group>";
		};
		C0C04CC826D015D900182C45 /* IoTConnectDemo */ = {
			isa = PBXGroup;
			children = (
				DD7E849F2A933FEE0031A231 /* ViewController */,
				DD7E84892A933E540031A231 /* Framework */,
				DD2F10232A8DF44F008B15C1 /* View */,
				DDA1BAEE2A4180FB00DBA886 /* Models */,
				DDC0C2962A38958A001793C5 /* RadioButtonController.swift */,
				C0C04CC926D015D900182C45 /* AppDelegate.swift */,
				C0C04CCB26D015D900182C45 /* SceneDelegate.swift */,
				C0C04CCF26D015D900182C45 /* Main.storyboard */,
				C0C04CD226D015DA00182C45 /* Assets.xcassets */,
				C0C04CD426D015DA00182C45 /* LaunchScreen.storyboard */,
				C0C04CD726D015DA00182C45 /* Info.plist */,
				DDFA34632A3C297400232B5C /* Enums.swift */,
				DD37E4322B4EBF2600BCF08B /* JDN.p12 */,
				DD37E42F2B4EB8E500BCF08B /* cert_Jethanand01.p12 */,
				DD49F5142B5507A900010F0D /* cert_05012026.p12 */,
				DD37E4382B4EC3DB00BCF08B /* JethaAWS.p12 */,
				DD7719DB2B4D6F9400764E39 /* cert_AKSS182305.p12 */,
				DD7719D82B4D6F0B00764E39 /* cert_ANov1001.p12 */,
				DD0AFF7F2B318B2D007A1EB2 /* mytest.p12 */,
				DD3FA95F2B3C182400FE3642 /* clientAWS.p12 */,
				DD989A1B2AB193CF00FD70DD /* client.p12 */,
				DD989A192AB18FFF00FD70DD /* DeviceCertificate.pfx */,
			);
			path = IoTConnectDemo;
			sourceTree = "<group>";
		};
		C0C04CDF26D015FF00182C45 /* Frameworks */ = {
			isa = PBXGroup;
			children = (
				DDF8F4C52B30532700B5BA30 /* IoTConnect_2_aws.framework */,
				DD3B09AC2B2AD094003C14B2 /* IoTConnect_2_aws.framework */,
				DDA843C62B298D6D005EFD1A /* IoTConnect_2.0_aws.framework */,
				DD36C4402A304EF9008BA007 /* IoTConnect_2_0.framework */,
				DDA60A5E2A2F176300F686BF /* IoTConnect_2_0.framework */,
				356E01D1B1EFB30532B29B27 /* Pods_IoTConnectDemo.framework */,
				2A5189AF82DD2AF36EBD44DF /* Pods_IoTConnectDemo_AWS.framework */,
			);
			name = Frameworks;
			sourceTree = "<group>";
		};
		DD2F10232A8DF44F008B15C1 /* View */ = {
			isa = PBXGroup;
			children = (
				9285F67026D62F5000BC30DC /* PropertyCell.swift */,
				9285F66B26D62EEF00BC30DC /* TableHeaderView */,
			);
			path = View;
			sourceTree = "<group>";
		};
		DD7E84892A933E540031A231 /* Framework */ = {
			isa = PBXGroup;
			children = (
				DD5B602C2A936EB80018BB1C /* iOSDropDown.swift */,
			);
			path = Framework;
			sourceTree = "<group>";
		};
		DD7E849F2A933FEE0031A231 /* ViewController */ = {
			isa = PBXGroup;
			children = (
				C0C04CCD26D015D900182C45 /* ViewController.swift */,
				DD7E84A02A9340180031A231 /* ChildOperationVC.swift */,
			);
			path = ViewController;
			sourceTree = "<group>";
		};
		DDA1BAEE2A4180FB00DBA886 /* Models */ = {
			isa = PBXGroup;
			children = (
				DDA1BAEF2A41810F00DBA886 /* Attributes.swift */,
				DDD1BEF62A52F50800B00F52 /* Identity.swift */,
			);
			path = Models;
			sourceTree = "<group>";
		};
		E64634C8FACC45E204B87E7C /* Pods */ = {
			isa = PBXGroup;
			children = (
				ABA5E5E8262E859A054F73AC /* Pods-IoTConnectDemo.debug.xcconfig */,
				6ADA7BBAAAEF9C7FD2D6B0EA /* Pods-IoTConnectDemo.release.xcconfig */,
				D1B97395C985B880218674FA /* Pods-IoTConnectDemo_AWS.debug.xcconfig */,
				5C64AC3ACA90DA213D95C55C /* Pods-IoTConnectDemo_AWS.release.xcconfig */,
			);
			name = Pods;
			path = ../Pods;
			sourceTree = "<group>";
		};
/* End PBXGroup section */

/* Begin PBXNativeTarget section */
		C0C04CC526D015D900182C45 /* IoTConnectDemo */ = {
			isa = PBXNativeTarget;
			buildConfigurationList = C0C04CDA26D015DA00182C45 /* Build configuration list for PBXNativeTarget "IoTConnectDemo" */;
			buildPhases = (
				B7A613908306E00CBF402B3A /* [CP] Check Pods Manifest.lock */,
				C0C04CC226D015D900182C45 /* Sources */,
				C0C04CC326D015D900182C45 /* Frameworks */,
				C0C04CC426D015D900182C45 /* Resources */,
				C0C04CE326D015FF00182C45 /* Embed Frameworks */,
				4C36CD546A41980180A4D42D /* [CP] Embed Pods Frameworks */,
			);
			buildRules = (
			);
			dependencies = (
			);
			name = IoTConnectDemo;
			productName = IoTConnectDemo;
			productReference = C0C04CC626D015D900182C45 /* IoTConnectDemo.app */;
			productType = "com.apple.product-type.application";
		};
		DD3B09722B29A28A003C14B2 /* IoTConnectDemo_AWS */ = {
			isa = PBXNativeTarget;
			buildConfigurationList = DD3B098F2B29A28A003C14B2 /* Build configuration list for PBXNativeTarget "IoTConnectDemo_AWS" */;
			buildPhases = (
				0E781A450E6AFAD60CEC3AF1 /* [CP] Check Pods Manifest.lock */,
				DD3B09742B29A28A003C14B2 /* Sources */,
				DD3B09802B29A28A003C14B2 /* Frameworks */,
				DD3B09832B29A28A003C14B2 /* Resources */,
				F89DE3FBA70C438DA5807C75 /* [CP] Embed Pods Frameworks */,
				DDF8F4C82B30532700B5BA30 /* Embed Frameworks */,
			);
			buildRules = (
			);
			dependencies = (
			);
			name = IoTConnectDemo_AWS;
			productName = IoTConnectDemo;
			productReference = DD3B09922B29A28A003C14B2 /* IoTConnectDemo_AWS.app */;
			productType = "com.apple.product-type.application";
		};
/* End PBXNativeTarget section */

/* Begin PBXProject section */
		C0C04CBE26D015D900182C45 /* Project object */ = {
			isa = PBXProject;
			attributes = {
				LastSwiftUpdateCheck = 1240;
				LastUpgradeCheck = 1240;
				TargetAttributes = {
					C0C04CC526D015D900182C45 = {
						CreatedOnToolsVersion = 12.4;
					};
				};
			};
			buildConfigurationList = C0C04CC126D015D900182C45 /* Build configuration list for PBXProject "IoTConnectDemo" */;
			compatibilityVersion = "Xcode 9.3";
			developmentRegion = en;
			hasScannedForEncodings = 0;
			knownRegions = (
				en,
				Base,
			);
			mainGroup = C0C04CBD26D015D900182C45;
			productRefGroup = C0C04CC726D015D900182C45 /* Products */;
			projectDirPath = "";
			projectRoot = "";
			targets = (
				C0C04CC526D015D900182C45 /* IoTConnectDemo */,
				DD3B09722B29A28A003C14B2 /* IoTConnectDemo_AWS */,
			);
		};
/* End PBXProject section */

/* Begin PBXResourcesBuildPhase section */
		C0C04CC426D015D900182C45 /* Resources */ = {
			isa = PBXResourcesBuildPhase;
			buildActionMask = 2147483647;
			files = (
				DD49F5152B5507A900010F0D /* cert_05012026.p12 in Resources */,
				DD37E4392B4EC3DB00BCF08B /* JethaAWS.p12 in Resources */,
				DD989A1C2AB193CF00FD70DD /* client.p12 in Resources */,
				C0C04CD626D015DA00182C45 /* LaunchScreen.storyboard in Resources */,
				C0C04CD326D015DA00182C45 /* Assets.xcassets in Resources */,
				9285F66E26D62EEF00BC30DC /* TableHeaderView.xib in Resources */,
				DD37E4332B4EBF2600BCF08B /* JDN.p12 in Resources */,
				DD7719DC2B4D6F9400764E39 /* cert_AKSS182305.p12 in Resources */,
				C0C04CD126D015D900182C45 /* Main.storyboard in Resources */,
				DD7719D92B4D6F0B00764E39 /* cert_ANov1001.p12 in Resources */,
				DD0AFF802B318B2D007A1EB2 /* mytest.p12 in Resources */,
				DD37E4302B4EB8E500BCF08B /* cert_Jethanand01.p12 in Resources */,
				DD989A1A2AB18FFF00FD70DD /* DeviceCertificate.pfx in Resources */,
			);
			runOnlyForDeploymentPostprocessing = 0;
		};
		DD3B09832B29A28A003C14B2 /* Resources */ = {
			isa = PBXResourcesBuildPhase;
			buildActionMask = 2147483647;
			files = (
				DD37E43A2B4EC3DB00BCF08B /* JethaAWS.p12 in Resources */,
				DD3FA9602B3C182400FE3642 /* clientAWS.p12 in Resources */,
				DD3B09842B29A28A003C14B2 /* client.p12 in Resources */,
				DD3B09852B29A28A003C14B2 /* LaunchScreen.storyboard in Resources */,
				DD3B09862B29A28A003C14B2 /* Assets.xcassets in Resources */,
				DD37E4342B4EBF2600BCF08B /* JDN.p12 in Resources */,
				DD7719DD2B4D6F9400764E39 /* cert_AKSS182305.p12 in Resources */,
				DD3B09872B29A28A003C14B2 /* TableHeaderView.xib in Resources */,
				DD7719DA2B4D6F0B00764E39 /* cert_ANov1001.p12 in Resources */,
				DD3B09882B29A28A003C14B2 /* Main.storyboard in Resources */,
				DD37E4312B4EB8E500BCF08B /* cert_Jethanand01.p12 in Resources */,
				DD3B098B2B29A28A003C14B2 /* DeviceCertificate.pfx in Resources */,
			);
			runOnlyForDeploymentPostprocessing = 0;
		};
/* End PBXResourcesBuildPhase section */

/* Begin PBXShellScriptBuildPhase section */
		0E781A450E6AFAD60CEC3AF1 /* [CP] Check Pods Manifest.lock */ = {
			isa = PBXShellScriptBuildPhase;
			buildActionMask = 2147483647;
			files = (
			);
			inputFileListPaths = (
			);
			inputPaths = (
				"${PODS_PODFILE_DIR_PATH}/Podfile.lock",
				"${PODS_ROOT}/Manifest.lock",
			);
			name = "[CP] Check Pods Manifest.lock";
			outputFileListPaths = (
			);
			outputPaths = (
				"$(DERIVED_FILE_DIR)/Pods-IoTConnectDemo_AWS-checkManifestLockResult.txt",
			);
			runOnlyForDeploymentPostprocessing = 0;
			shellPath = /bin/sh;
			shellScript = "diff \"${PODS_PODFILE_DIR_PATH}/Podfile.lock\" \"${PODS_ROOT}/Manifest.lock\" > /dev/null\nif [ $? != 0 ] ; then\n    # print error to STDERR\n    echo \"error: The sandbox is not in sync with the Podfile.lock. Run 'pod install' or update your CocoaPods installation.\" >&2\n    exit 1\nfi\n# This output is used by Xcode 'outputs' to avoid re-running this script phase.\necho \"SUCCESS\" > \"${SCRIPT_OUTPUT_FILE_0}\"\n";
			showEnvVarsInLog = 0;
		};
		4C36CD546A41980180A4D42D /* [CP] Embed Pods Frameworks */ = {
			isa = PBXShellScriptBuildPhase;
			buildActionMask = 2147483647;
			files = (
			);
			inputFileListPaths = (
				"${PODS_ROOT}/Target Support Files/Pods-IoTConnectDemo/Pods-IoTConnectDemo-frameworks-${CONFIGURATION}-input-files.xcfilelist",
			);
			name = "[CP] Embed Pods Frameworks";
			outputFileListPaths = (
				"${PODS_ROOT}/Target Support Files/Pods-IoTConnectDemo/Pods-IoTConnectDemo-frameworks-${CONFIGURATION}-output-files.xcfilelist",
			);
			runOnlyForDeploymentPostprocessing = 0;
			shellPath = /bin/sh;
			shellScript = "\"${PODS_ROOT}/Target Support Files/Pods-IoTConnectDemo/Pods-IoTConnectDemo-frameworks.sh\"\n";
			showEnvVarsInLog = 0;
		};
		B7A613908306E00CBF402B3A /* [CP] Check Pods Manifest.lock */ = {
			isa = PBXShellScriptBuildPhase;
			buildActionMask = 2147483647;
			files = (
			);
			inputFileListPaths = (
			);
			inputPaths = (
				"${PODS_PODFILE_DIR_PATH}/Podfile.lock",
				"${PODS_ROOT}/Manifest.lock",
			);
			name = "[CP] Check Pods Manifest.lock";
			outputFileListPaths = (
			);
			outputPaths = (
				"$(DERIVED_FILE_DIR)/Pods-IoTConnectDemo-checkManifestLockResult.txt",
			);
			runOnlyForDeploymentPostprocessing = 0;
			shellPath = /bin/sh;
			shellScript = "diff \"${PODS_PODFILE_DIR_PATH}/Podfile.lock\" \"${PODS_ROOT}/Manifest.lock\" > /dev/null\nif [ $? != 0 ] ; then\n    # print error to STDERR\n    echo \"error: The sandbox is not in sync with the Podfile.lock. Run 'pod install' or update your CocoaPods installation.\" >&2\n    exit 1\nfi\n# This output is used by Xcode 'outputs' to avoid re-running this script phase.\necho \"SUCCESS\" > \"${SCRIPT_OUTPUT_FILE_0}\"\n";
			showEnvVarsInLog = 0;
		};
		F89DE3FBA70C438DA5807C75 /* [CP] Embed Pods Frameworks */ = {
			isa = PBXShellScriptBuildPhase;
			buildActionMask = 2147483647;
			files = (
			);
			inputFileListPaths = (
				"${PODS_ROOT}/Target Support Files/Pods-IoTConnectDemo_AWS/Pods-IoTConnectDemo_AWS-frameworks-${CONFIGURATION}-input-files.xcfilelist",
			);
			name = "[CP] Embed Pods Frameworks";
			outputFileListPaths = (
				"${PODS_ROOT}/Target Support Files/Pods-IoTConnectDemo_AWS/Pods-IoTConnectDemo_AWS-frameworks-${CONFIGURATION}-output-files.xcfilelist",
			);
			runOnlyForDeploymentPostprocessing = 0;
			shellPath = /bin/sh;
			shellScript = "\"${PODS_ROOT}/Target Support Files/Pods-IoTConnectDemo_AWS/Pods-IoTConnectDemo_AWS-frameworks.sh\"\n";
			showEnvVarsInLog = 0;
		};
/* End PBXShellScriptBuildPhase section */

/* Begin PBXSourcesBuildPhase section */
		C0C04CC226D015D900182C45 /* Sources */ = {
			isa = PBXSourcesBuildPhase;
			buildActionMask = 2147483647;
			files = (
				9285F67126D62F5000BC30DC /* PropertyCell.swift in Sources */,
				DDD1BEF72A52F50800B00F52 /* Identity.swift in Sources */,
				DD5B602D2A936EB80018BB1C /* iOSDropDown.swift in Sources */,
				9285F66F26D62EEF00BC30DC /* TableHeaderView.swift in Sources */,
				DDA1BAF02A41810F00DBA886 /* Attributes.swift in Sources */,
				C0C04CCE26D015D900182C45 /* ViewController.swift in Sources */,
				C0C04CCA26D015D900182C45 /* AppDelegate.swift in Sources */,
				DDFA34642A3C297400232B5C /* Enums.swift in Sources */,
				C0C04CCC26D015D900182C45 /* SceneDelegate.swift in Sources */,
				DDC0C2972A38958A001793C5 /* RadioButtonController.swift in Sources */,
				DD7E84A12A9340180031A231 /* ChildOperationVC.swift in Sources */,
			);
			runOnlyForDeploymentPostprocessing = 0;
		};
		DD3B09742B29A28A003C14B2 /* Sources */ = {
			isa = PBXSourcesBuildPhase;
			buildActionMask = 2147483647;
			files = (
				DD3B09752B29A28A003C14B2 /* PropertyCell.swift in Sources */,
				DD3B09762B29A28A003C14B2 /* Identity.swift in Sources */,
				DD3B09772B29A28A003C14B2 /* iOSDropDown.swift in Sources */,
				DD3B09782B29A28A003C14B2 /* TableHeaderView.swift in Sources */,
				DD3B09792B29A28A003C14B2 /* Attributes.swift in Sources */,
				DD3B097A2B29A28A003C14B2 /* ViewController.swift in Sources */,
				DD3B097B2B29A28A003C14B2 /* AppDelegate.swift in Sources */,
				DD3B097C2B29A28A003C14B2 /* Enums.swift in Sources */,
				DD3B097D2B29A28A003C14B2 /* SceneDelegate.swift in Sources */,
				DD3B097E2B29A28A003C14B2 /* RadioButtonController.swift in Sources */,
				DD3B097F2B29A28A003C14B2 /* ChildOperationVC.swift in Sources */,
			);
			runOnlyForDeploymentPostprocessing = 0;
		};
/* End PBXSourcesBuildPhase section */

/* Begin PBXVariantGroup section */
		C0C04CCF26D015D900182C45 /* Main.storyboard */ = {
			isa = PBXVariantGroup;
			children = (
				C0C04CD026D015D900182C45 /* Base */,
			);
			name = Main.storyboard;
			sourceTree = "<group>";
		};
		C0C04CD426D015DA00182C45 /* LaunchScreen.storyboard */ = {
			isa = PBXVariantGroup;
			children = (
				C0C04CD526D015DA00182C45 /* Base */,
			);
			name = LaunchScreen.storyboard;
			sourceTree = "<group>";
		};
/* End PBXVariantGroup section */

/* Begin XCBuildConfiguration section */
		C0C04CD826D015DA00182C45 /* Debug */ = {
			isa = XCBuildConfiguration;
			buildSettings = {
				ALWAYS_SEARCH_USER_PATHS = NO;
				CLANG_ANALYZER_NONNULL = YES;
				CLANG_ANALYZER_NUMBER_OBJECT_CONVERSION = YES_AGGRESSIVE;
				CLANG_CXX_LANGUAGE_STANDARD = "gnu++14";
				CLANG_CXX_LIBRARY = "libc++";
				CLANG_ENABLE_MODULES = YES;
				CLANG_ENABLE_OBJC_ARC = YES;
				CLANG_ENABLE_OBJC_WEAK = YES;
				CLANG_WARN_BLOCK_CAPTURE_AUTORELEASING = YES;
				CLANG_WARN_BOOL_CONVERSION = YES;
				CLANG_WARN_COMMA = YES;
				CLANG_WARN_CONSTANT_CONVERSION = YES;
				CLANG_WARN_DEPRECATED_OBJC_IMPLEMENTATIONS = YES;
				CLANG_WARN_DIRECT_OBJC_ISA_USAGE = YES_ERROR;
				CLANG_WARN_DOCUMENTATION_COMMENTS = YES;
				CLANG_WARN_EMPTY_BODY = YES;
				CLANG_WARN_ENUM_CONVERSION = YES;
				CLANG_WARN_INFINITE_RECURSION = YES;
				CLANG_WARN_INT_CONVERSION = YES;
				CLANG_WARN_NON_LITERAL_NULL_CONVERSION = YES;
				CLANG_WARN_OBJC_IMPLICIT_RETAIN_SELF = YES;
				CLANG_WARN_OBJC_LITERAL_CONVERSION = YES;
				CLANG_WARN_OBJC_ROOT_CLASS = YES_ERROR;
				CLANG_WARN_QUOTED_INCLUDE_IN_FRAMEWORK_HEADER = YES;
				CLANG_WARN_RANGE_LOOP_ANALYSIS = YES;
				CLANG_WARN_STRICT_PROTOTYPES = YES;
				CLANG_WARN_SUSPICIOUS_MOVE = YES;
				CLANG_WARN_UNGUARDED_AVAILABILITY = YES_AGGRESSIVE;
				CLANG_WARN_UNREACHABLE_CODE = YES;
				CLANG_WARN__DUPLICATE_METHOD_MATCH = YES;
				COPY_PHASE_STRIP = NO;
				DEBUG_INFORMATION_FORMAT = dwarf;
				ENABLE_STRICT_OBJC_MSGSEND = YES;
				ENABLE_TESTABILITY = YES;
				GCC_C_LANGUAGE_STANDARD = gnu11;
				GCC_DYNAMIC_NO_PIC = NO;
				GCC_NO_COMMON_BLOCKS = YES;
				GCC_OPTIMIZATION_LEVEL = 0;
				GCC_PREPROCESSOR_DEFINITIONS = (
					"DEBUG=1",
					"$(inherited)",
				);
				GCC_WARN_64_TO_32_BIT_CONVERSION = YES;
				GCC_WARN_ABOUT_RETURN_TYPE = YES_ERROR;
				GCC_WARN_UNDECLARED_SELECTOR = YES;
				GCC_WARN_UNINITIALIZED_AUTOS = YES_AGGRESSIVE;
				GCC_WARN_UNUSED_FUNCTION = YES;
				GCC_WARN_UNUSED_VARIABLE = YES;
				IPHONEOS_DEPLOYMENT_TARGET = 14.4;
				MTL_ENABLE_DEBUG_INFO = INCLUDE_SOURCE;
				MTL_FAST_MATH = YES;
				ONLY_ACTIVE_ARCH = YES;
				SDKROOT = iphoneos;
				SWIFT_ACTIVE_COMPILATION_CONDITIONS = DEBUG;
				SWIFT_OPTIMIZATION_LEVEL = "-Onone";
			};
			name = Debug;
		};
		C0C04CD926D015DA00182C45 /* Release */ = {
			isa = XCBuildConfiguration;
			buildSettings = {
				ALWAYS_SEARCH_USER_PATHS = NO;
				CLANG_ANALYZER_NONNULL = YES;
				CLANG_ANALYZER_NUMBER_OBJECT_CONVERSION = YES_AGGRESSIVE;
				CLANG_CXX_LANGUAGE_STANDARD = "gnu++14";
				CLANG_CXX_LIBRARY = "libc++";
				CLANG_ENABLE_MODULES = YES;
				CLANG_ENABLE_OBJC_ARC = YES;
				CLANG_ENABLE_OBJC_WEAK = YES;
				CLANG_WARN_BLOCK_CAPTURE_AUTORELEASING = YES;
				CLANG_WARN_BOOL_CONVERSION = YES;
				CLANG_WARN_COMMA = YES;
				CLANG_WARN_CONSTANT_CONVERSION = YES;
				CLANG_WARN_DEPRECATED_OBJC_IMPLEMENTATIONS = YES;
				CLANG_WARN_DIRECT_OBJC_ISA_USAGE = YES_ERROR;
				CLANG_WARN_DOCUMENTATION_COMMENTS = YES;
				CLANG_WARN_EMPTY_BODY = YES;
				CLANG_WARN_ENUM_CONVERSION = YES;
				CLANG_WARN_INFINITE_RECURSION = YES;
				CLANG_WARN_INT_CONVERSION = YES;
				CLANG_WARN_NON_LITERAL_NULL_CONVERSION = YES;
				CLANG_WARN_OBJC_IMPLICIT_RETAIN_SELF = YES;
				CLANG_WARN_OBJC_LITERAL_CONVERSION = YES;
				CLANG_WARN_OBJC_ROOT_CLASS = YES_ERROR;
				CLANG_WARN_QUOTED_INCLUDE_IN_FRAMEWORK_HEADER = YES;
				CLANG_WARN_RANGE_LOOP_ANALYSIS = YES;
				CLANG_WARN_STRICT_PROTOTYPES = YES;
				CLANG_WARN_SUSPICIOUS_MOVE = YES;
				CLANG_WARN_UNGUARDED_AVAILABILITY = YES_AGGRESSIVE;
				CLANG_WARN_UNREACHABLE_CODE = YES;
				CLANG_WARN__DUPLICATE_METHOD_MATCH = YES;
				COPY_PHASE_STRIP = NO;
				DEBUG_INFORMATION_FORMAT = "dwarf-with-dsym";
				ENABLE_NS_ASSERTIONS = NO;
				ENABLE_STRICT_OBJC_MSGSEND = YES;
				GCC_C_LANGUAGE_STANDARD = gnu11;
				GCC_NO_COMMON_BLOCKS = YES;
				GCC_WARN_64_TO_32_BIT_CONVERSION = YES;
				GCC_WARN_ABOUT_RETURN_TYPE = YES_ERROR;
				GCC_WARN_UNDECLARED_SELECTOR = YES;
				GCC_WARN_UNINITIALIZED_AUTOS = YES_AGGRESSIVE;
				GCC_WARN_UNUSED_FUNCTION = YES;
				GCC_WARN_UNUSED_VARIABLE = YES;
				IPHONEOS_DEPLOYMENT_TARGET = 14.4;
				MTL_ENABLE_DEBUG_INFO = NO;
				MTL_FAST_MATH = YES;
				SDKROOT = iphoneos;
				SWIFT_COMPILATION_MODE = wholemodule;
				SWIFT_OPTIMIZATION_LEVEL = "-O";
				VALIDATE_PRODUCT = YES;
			};
			name = Release;
		};
		C0C04CDB26D015DA00182C45 /* Debug */ = {
			isa = XCBuildConfiguration;
			baseConfigurationReference = ABA5E5E8262E859A054F73AC /* Pods-IoTConnectDemo.debug.xcconfig */;
			buildSettings = {
				ASSETCATALOG_COMPILER_APPICON_NAME = AppIcon;
				ASSETCATALOG_COMPILER_GLOBAL_ACCENT_COLOR_NAME = AccentColor;
				CODE_SIGN_IDENTITY = "Apple Development";
				"CODE_SIGN_IDENTITY[sdk=iphoneos*]" = "iPhone Distribution";
				CODE_SIGN_STYLE = Manual;
				DEVELOPMENT_TEAM = "";
				"DEVELOPMENT_TEAM[sdk=iphoneos*]" = 85Z6DRR6M5;
				INFOPLIST_FILE = IoTConnectDemo/Info.plist;
				IPHONEOS_DEPLOYMENT_TARGET = 13.0;
				LD_RUNPATH_SEARCH_PATHS = (
					"$(inherited)",
					"@executable_path/Frameworks",
				);
				PRODUCT_BUNDLE_IDENTIFIER = com.softweb.test;
				PRODUCT_NAME = "$(TARGET_NAME)";
				PROVISIONING_PROFILE_SPECIFIER = "";
				"PROVISIONING_PROFILE_SPECIFIER[sdk=iphoneos*]" = "Emergency Distribution Profile 2023";
				SWIFT_VERSION = 5.0;
				TARGETED_DEVICE_FAMILY = "1,2";
			};
			name = Debug;
		};
		C0C04CDC26D015DA00182C45 /* Release */ = {
			isa = XCBuildConfiguration;
			baseConfigurationReference = 6ADA7BBAAAEF9C7FD2D6B0EA /* Pods-IoTConnectDemo.release.xcconfig */;
			buildSettings = {
				ASSETCATALOG_COMPILER_APPICON_NAME = AppIcon;
				ASSETCATALOG_COMPILER_GLOBAL_ACCENT_COLOR_NAME = AccentColor;
				CODE_SIGN_IDENTITY = "Apple Development";
				"CODE_SIGN_IDENTITY[sdk=iphoneos*]" = "iPhone Distribution";
				CODE_SIGN_STYLE = Manual;
				DEVELOPMENT_TEAM = "";
				"DEVELOPMENT_TEAM[sdk=iphoneos*]" = 85Z6DRR6M5;
				INFOPLIST_FILE = IoTConnectDemo/Info.plist;
				IPHONEOS_DEPLOYMENT_TARGET = 13.0;
				LD_RUNPATH_SEARCH_PATHS = (
					"$(inherited)",
					"@executable_path/Frameworks",
				);
				PRODUCT_BUNDLE_IDENTIFIER = com.softweb.test;
				PRODUCT_NAME = "$(TARGET_NAME)";
				PROVISIONING_PROFILE_SPECIFIER = "";
				"PROVISIONING_PROFILE_SPECIFIER[sdk=iphoneos*]" = "Emergency Distribution Profile 2023";
				SWIFT_VERSION = 5.0;
				TARGETED_DEVICE_FAMILY = "1,2";
			};
			name = Release;
		};
		DD3B09902B29A28A003C14B2 /* Debug */ = {
			isa = XCBuildConfiguration;
			baseConfigurationReference = D1B97395C985B880218674FA /* Pods-IoTConnectDemo_AWS.debug.xcconfig */;
			buildSettings = {
				ASSETCATALOG_COMPILER_APPICON_NAME = AppIcon;
				ASSETCATALOG_COMPILER_GLOBAL_ACCENT_COLOR_NAME = AccentColor;
				CODE_SIGN_IDENTITY = "Apple Development";
				"CODE_SIGN_IDENTITY[sdk=iphoneos*]" = "iPhone Distribution";
				CODE_SIGN_STYLE = Manual;
				DEVELOPMENT_TEAM = "";
				"DEVELOPMENT_TEAM[sdk=iphoneos*]" = 85Z6DRR6M5;
				INFOPLIST_FILE = IoTConnectDemo_AWS.plist;
				IPHONEOS_DEPLOYMENT_TARGET = 12.0;
				LD_RUNPATH_SEARCH_PATHS = (
					"$(inherited)",
					"@executable_path/Frameworks",
				);
				OTHER_SWIFT_FLAGS = "$(inherited) -D COCOAPODS -DDEMOAWS";
				PRODUCT_BUNDLE_IDENTIFIER = com.softweb.test;
				PRODUCT_NAME = "$(TARGET_NAME)";
				PROVISIONING_PROFILE_SPECIFIER = "";
				"PROVISIONING_PROFILE_SPECIFIER[sdk=iphoneos*]" = "Emergency Distribution Profile 2023";
				SWIFT_VERSION = 5.0;
				TARGETED_DEVICE_FAMILY = "1,2";
			};
			name = Debug;
		};
		DD3B09912B29A28A003C14B2 /* Release */ = {
			isa = XCBuildConfiguration;
			baseConfigurationReference = 5C64AC3ACA90DA213D95C55C /* Pods-IoTConnectDemo_AWS.release.xcconfig */;
			buildSettings = {
				ASSETCATALOG_COMPILER_APPICON_NAME = AppIcon;
				ASSETCATALOG_COMPILER_GLOBAL_ACCENT_COLOR_NAME = AccentColor;
				CODE_SIGN_IDENTITY = "Apple Development";
				"CODE_SIGN_IDENTITY[sdk=iphoneos*]" = "iPhone Distribution";
				CODE_SIGN_STYLE = Manual;
				DEVELOPMENT_TEAM = "";
				"DEVELOPMENT_TEAM[sdk=iphoneos*]" = 85Z6DRR6M5;
				INFOPLIST_FILE = IoTConnectDemo_AWS.plist;
				IPHONEOS_DEPLOYMENT_TARGET = 12.0;
				LD_RUNPATH_SEARCH_PATHS = (
					"$(inherited)",
					"@executable_path/Frameworks",
				);
				OTHER_SWIFT_FLAGS = "$(inherited) -D COCOAPODS -DDEMOAWS";
				PRODUCT_BUNDLE_IDENTIFIER = com.softweb.test;
				PRODUCT_NAME = "$(TARGET_NAME)";
				PROVISIONING_PROFILE_SPECIFIER = "";
				"PROVISIONING_PROFILE_SPECIFIER[sdk=iphoneos*]" = "Emergency Distribution Profile 2023";
				SWIFT_VERSION = 5.0;
				TARGETED_DEVICE_FAMILY = "1,2";
			};
			name = Release;
		};
/* End XCBuildConfiguration section */

/* Begin XCConfigurationList section */
		C0C04CC126D015D900182C45 /* Build configuration list for PBXProject "IoTConnectDemo" */ = {
			isa = XCConfigurationList;
			buildConfigurations = (
				C0C04CD826D015DA00182C45 /* Debug */,
				C0C04CD926D015DA00182C45 /* Release */,
			);
			defaultConfigurationIsVisible = 0;
			defaultConfigurationName = Release;
		};
		C0C04CDA26D015DA00182C45 /* Build configuration list for PBXNativeTarget "IoTConnectDemo" */ = {
			isa = XCConfigurationList;
			buildConfigurations = (
				C0C04CDB26D015DA00182C45 /* Debug */,
				C0C04CDC26D015DA00182C45 /* Release */,
			);
			defaultConfigurationIsVisible = 0;
			defaultConfigurationName = Release;
		};
		DD3B098F2B29A28A003C14B2 /* Build configuration list for PBXNativeTarget "IoTConnectDemo_AWS" */ = {
			isa = XCConfigurationList;
			buildConfigurations = (
				DD3B09902B29A28A003C14B2 /* Debug */,
				DD3B09912B29A28A003C14B2 /* Release */,
			);
			defaultConfigurationIsVisible = 0;
			defaultConfigurationName = Release;
		};
/* End XCConfigurationList section */
	};
	rootObject = C0C04CBE26D015D900182C45 /* Project object */;
}
